// !$*UTF8*$!
{
	archiveVersion = 1;
	classes = {
	};
	objectVersion = 56;
	objects = {

/* Begin PBXBuildFile section */
		2A16EF892BDAF16200F5DDEE /* ParksApp.swift in Sources */ = {isa = PBXBuildFile; fileRef = 2A16EF882BDAF16200F5DDEE /* ParksApp.swift */; };
		2A16EF8B2BDAF16200F5DDEE /* QueryView.swift in Sources */ = {isa = PBXBuildFile; fileRef = 2A16EF8A2BDAF16200F5DDEE /* QueryView.swift */; };
		2A16EF8D2BDAF16400F5DDEE /* Assets.xcassets in Resources */ = {isa = PBXBuildFile; fileRef = 2A16EF8C2BDAF16400F5DDEE /* Assets.xcassets */; };
		2A16EF902BDAF16400F5DDEE /* Preview Assets.xcassets in Resources */ = {isa = PBXBuildFile; fileRef = 2A16EF8F2BDAF16400F5DDEE /* Preview Assets.xcassets */; };
		2A16EF972BDAF17500F5DDEE /* ParkModel.swift in Sources */ = {isa = PBXBuildFile; fileRef = 2A16EF962BDAF17500F5DDEE /* ParkModel.swift */; };
		2A5ECCCD2BDAF60A00C5AE78 /* ParkRowView.swift in Sources */ = {isa = PBXBuildFile; fileRef = 2A5ECCCC2BDAF60A00C5AE78 /* ParkRowView.swift */; };
		2A5ECCCF2BDAFF7400C5AE78 /* QueryDynamicView.swift in Sources */ = {isa = PBXBuildFile; fileRef = 2A5ECCCE2BDAFF7400C5AE78 /* QueryDynamicView.swift */; };
		2A5ECCD12BDB024D00C5AE78 /* QueryRequerySubview.swift in Sources */ = {isa = PBXBuildFile; fileRef = 2A5ECCD02BDB024D00C5AE78 /* QueryRequerySubview.swift */; };
		2A5ECCD32BDB031600C5AE78 /* ParkListView.swift in Sources */ = {isa = PBXBuildFile; fileRef = 2A5ECCD22BDB031600C5AE78 /* ParkListView.swift */; };
		2A5ECCD52BDB065800C5AE78 /* QueryRequeryFetch.swift in Sources */ = {isa = PBXBuildFile; fileRef = 2A5ECCD42BDB065800C5AE78 /* QueryRequeryFetch.swift */; };
		2A5ECCD72BDB0A6900C5AE78 /* QueryFilteringWithSearchable.swift in Sources */ = {isa = PBXBuildFile; fileRef = 2A5ECCD62BDB0A6900C5AE78 /* QueryFilteringWithSearchable.swift */; };
		2A5ECCD92BDB218E00C5AE78 /* QuerySearchWithSearchable.swift in Sources */ = {isa = PBXBuildFile; fileRef = 2A5ECCD82BDB218E00C5AE78 /* QuerySearchWithSearchable.swift */; };
		2A5ECCDB2BDB244400C5AE78 /* ParkDetailView.swift in Sources */ = {isa = PBXBuildFile; fileRef = 2A5ECCDA2BDB244400C5AE78 /* ParkDetailView.swift */; };
		2A840B6D2BDB2FB700A89656 /* QueryOnModel.swift in Sources */ = {isa = PBXBuildFile; fileRef = 2A840B6C2BDB2FB700A89656 /* QueryOnModel.swift */; };
		2A840B6F2BDB30C100A89656 /* QueryDynamicSortAndOrder.swift in Sources */ = {isa = PBXBuildFile; fileRef = 2A840B6E2BDB30C100A89656 /* QueryDynamicSortAndOrder.swift */; };
/* End PBXBuildFile section */

/* Begin PBXFileReference section */
		2A16EF852BDAF16200F5DDEE /* Parks.app */ = {isa = PBXFileReference; explicitFileType = wrapper.application; includeInIndex = 0; path = Parks.app; sourceTree = BUILT_PRODUCTS_DIR; };
		2A16EF882BDAF16200F5DDEE /* ParksApp.swift */ = {isa = PBXFileReference; lastKnownFileType = sourcecode.swift; path = ParksApp.swift; sourceTree = "<group>"; };
		2A16EF8A2BDAF16200F5DDEE /* QueryView.swift */ = {isa = PBXFileReference; lastKnownFileType = sourcecode.swift; path = QueryView.swift; sourceTree = "<group>"; };
		2A16EF8C2BDAF16400F5DDEE /* Assets.xcassets */ = {isa = PBXFileReference; lastKnownFileType = folder.assetcatalog; path = Assets.xcassets; sourceTree = "<group>"; };
		2A16EF8F2BDAF16400F5DDEE /* Preview Assets.xcassets */ = {isa = PBXFileReference; lastKnownFileType = folder.assetcatalog; path = "Preview Assets.xcassets"; sourceTree = "<group>"; };
		2A16EF962BDAF17500F5DDEE /* ParkModel.swift */ = {isa = PBXFileReference; lastKnownFileType = sourcecode.swift; path = ParkModel.swift; sourceTree = "<group>"; };
		2A5ECCCC2BDAF60A00C5AE78 /* ParkRowView.swift */ = {isa = PBXFileReference; lastKnownFileType = sourcecode.swift; path = ParkRowView.swift; sourceTree = "<group>"; };
		2A5ECCCE2BDAFF7400C5AE78 /* QueryDynamicView.swift */ = {isa = PBXFileReference; lastKnownFileType = sourcecode.swift; path = QueryDynamicView.swift; sourceTree = "<group>"; };
		2A5ECCD02BDB024D00C5AE78 /* QueryRequerySubview.swift */ = {isa = PBXFileReference; lastKnownFileType = sourcecode.swift; path = QueryRequerySubview.swift; sourceTree = "<group>"; };
		2A5ECCD22BDB031600C5AE78 /* ParkListView.swift */ = {isa = PBXFileReference; lastKnownFileType = sourcecode.swift; path = ParkListView.swift; sourceTree = "<group>"; };
		2A5ECCD42BDB065800C5AE78 /* QueryRequeryFetch.swift */ = {isa = PBXFileReference; lastKnownFileType = sourcecode.swift; path = QueryRequeryFetch.swift; sourceTree = "<group>"; };
		2A5ECCD62BDB0A6900C5AE78 /* QueryFilteringWithSearchable.swift */ = {isa = PBXFileReference; lastKnownFileType = sourcecode.swift; path = QueryFilteringWithSearchable.swift; sourceTree = "<group>"; };
		2A5ECCD82BDB218E00C5AE78 /* QuerySearchWithSearchable.swift */ = {isa = PBXFileReference; lastKnownFileType = sourcecode.swift; path = QuerySearchWithSearchable.swift; sourceTree = "<group>"; };
		2A5ECCDA2BDB244400C5AE78 /* ParkDetailView.swift */ = {isa = PBXFileReference; lastKnownFileType = sourcecode.swift; path = ParkDetailView.swift; sourceTree = "<group>"; };
		2A840B6C2BDB2FB700A89656 /* QueryOnModel.swift */ = {isa = PBXFileReference; lastKnownFileType = sourcecode.swift; path = QueryOnModel.swift; sourceTree = "<group>"; };
		2A840B6E2BDB30C100A89656 /* QueryDynamicSortAndOrder.swift */ = {isa = PBXFileReference; lastKnownFileType = sourcecode.swift; path = QueryDynamicSortAndOrder.swift; sourceTree = "<group>"; };
/* End PBXFileReference section */

/* Begin PBXFrameworksBuildPhase section */
		2A16EF822BDAF16200F5DDEE /* Frameworks */ = {
			isa = PBXFrameworksBuildPhase;
			buildActionMask = 2147483647;
			files = (
			);
			runOnlyForDeploymentPostprocessing = 0;
		};
/* End PBXFrameworksBuildPhase section */

/* Begin PBXGroup section */
		2A16EF7C2BDAF16200F5DDEE = {
			isa = PBXGroup;
			children = (
				2A16EF872BDAF16200F5DDEE /* Parks */,
				2A16EF862BDAF16200F5DDEE /* Products */,
			);
			sourceTree = "<group>";
		};
		2A16EF862BDAF16200F5DDEE /* Products */ = {
			isa = PBXGroup;
			children = (
				2A16EF852BDAF16200F5DDEE /* Parks.app */,
			);
			name = Products;
			sourceTree = "<group>";
		};
		2A16EF872BDAF16200F5DDEE /* Parks */ = {
			isa = PBXGroup;
			children = (
				2A16EF882BDAF16200F5DDEE /* ParksApp.swift */,
				2A16EF8A2BDAF16200F5DDEE /* QueryView.swift */,
				2A5ECCCE2BDAFF7400C5AE78 /* QueryDynamicView.swift */,
				2A16EF8C2BDAF16400F5DDEE /* Assets.xcassets */,
				2A16EF8E2BDAF16400F5DDEE /* Preview Content */,
				2A16EF962BDAF17500F5DDEE /* ParkModel.swift */,
				2A5ECCCC2BDAF60A00C5AE78 /* ParkRowView.swift */,
				2A5ECCD02BDB024D00C5AE78 /* QueryRequerySubview.swift */,
				2A5ECCD22BDB031600C5AE78 /* ParkListView.swift */,
				2A5ECCD42BDB065800C5AE78 /* QueryRequeryFetch.swift */,
				2A5ECCD62BDB0A6900C5AE78 /* QueryFilteringWithSearchable.swift */,
				2A5ECCD82BDB218E00C5AE78 /* QuerySearchWithSearchable.swift */,
				2A5ECCDA2BDB244400C5AE78 /* ParkDetailView.swift */,
				2A840B6C2BDB2FB700A89656 /* QueryOnModel.swift */,
				2A840B6E2BDB30C100A89656 /* QueryDynamicSortAndOrder.swift */,
			);
			path = Parks;
			sourceTree = "<group>";
		};
		2A16EF8E2BDAF16400F5DDEE /* Preview Content */ = {
			isa = PBXGroup;
			children = (
				2A16EF8F2BDAF16400F5DDEE /* Preview Assets.xcassets */,
			);
			path = "Preview Content";
			sourceTree = "<group>";
		};
/* End PBXGroup section */

/* Begin PBXNativeTarget section */
		2A16EF842BDAF16200F5DDEE /* Parks */ = {
			isa = PBXNativeTarget;
			buildConfigurationList = 2A16EF932BDAF16400F5DDEE /* Build configuration list for PBXNativeTarget "Parks" */;
			buildPhases = (
				2A16EF812BDAF16200F5DDEE /* Sources */,
				2A16EF822BDAF16200F5DDEE /* Frameworks */,
				2A16EF832BDAF16200F5DDEE /* Resources */,
			);
			buildRules = (
			);
			dependencies = (
			);
			name = Parks;
			productName = Parks;
			productReference = 2A16EF852BDAF16200F5DDEE /* Parks.app */;
			productType = "com.apple.product-type.application";
		};
/* End PBXNativeTarget section */

/* Begin PBXProject section */
		2A16EF7D2BDAF16200F5DDEE /* Project object */ = {
			isa = PBXProject;
			attributes = {
				BuildIndependentTargetsInParallel = 1;
				LastSwiftUpdateCheck = 1530;
				LastUpgradeCheck = 1530;
				TargetAttributes = {
					2A16EF842BDAF16200F5DDEE = {
						CreatedOnToolsVersion = 15.3;
					};
				};
			};
			buildConfigurationList = 2A16EF802BDAF16200F5DDEE /* Build configuration list for PBXProject "Parks" */;
			compatibilityVersion = "Xcode 14.0";
			developmentRegion = en;
			hasScannedForEncodings = 0;
			knownRegions = (
				en,
				Base,
			);
			mainGroup = 2A16EF7C2BDAF16200F5DDEE;
			productRefGroup = 2A16EF862BDAF16200F5DDEE /* Products */;
			projectDirPath = "";
			projectRoot = "";
			targets = (
				2A16EF842BDAF16200F5DDEE /* Parks */,
			);
		};
/* End PBXProject section */

/* Begin PBXResourcesBuildPhase section */
		2A16EF832BDAF16200F5DDEE /* Resources */ = {
			isa = PBXResourcesBuildPhase;
			buildActionMask = 2147483647;
			files = (
				2A16EF902BDAF16400F5DDEE /* Preview Assets.xcassets in Resources */,
				2A16EF8D2BDAF16400F5DDEE /* Assets.xcassets in Resources */,
			);
			runOnlyForDeploymentPostprocessing = 0;
		};
/* End PBXResourcesBuildPhase section */

/* Begin PBXSourcesBuildPhase section */
		2A16EF812BDAF16200F5DDEE /* Sources */ = {
			isa = PBXSourcesBuildPhase;
			buildActionMask = 2147483647;
			files = (
				2A5ECCDB2BDB244400C5AE78 /* ParkDetailView.swift in Sources */,
				2A840B6F2BDB30C100A89656 /* QueryDynamicSortAndOrder.swift in Sources */,
				2A16EF8B2BDAF16200F5DDEE /* QueryView.swift in Sources */,
				2A5ECCCD2BDAF60A00C5AE78 /* ParkRowView.swift in Sources */,
				2A5ECCD92BDB218E00C5AE78 /* QuerySearchWithSearchable.swift in Sources */,
				2A5ECCD12BDB024D00C5AE78 /* QueryRequerySubview.swift in Sources */,
				2A840B6D2BDB2FB700A89656 /* QueryOnModel.swift in Sources */,
				2A5ECCCF2BDAFF7400C5AE78 /* QueryDynamicView.swift in Sources */,
				2A5ECCD72BDB0A6900C5AE78 /* QueryFilteringWithSearchable.swift in Sources */,
				2A5ECCD32BDB031600C5AE78 /* ParkListView.swift in Sources */,
				2A16EF892BDAF16200F5DDEE /* ParksApp.swift in Sources */,
				2A16EF972BDAF17500F5DDEE /* ParkModel.swift in Sources */,
				2A5ECCD52BDB065800C5AE78 /* QueryRequeryFetch.swift in Sources */,
			);
			runOnlyForDeploymentPostprocessing = 0;
		};
/* End PBXSourcesBuildPhase section */

/* Begin XCBuildConfiguration section */
		2A16EF912BDAF16400F5DDEE /* Debug */ = {
			isa = XCBuildConfiguration;
			buildSettings = {
				ALWAYS_SEARCH_USER_PATHS = NO;
				ASSETCATALOG_COMPILER_GENERATE_SWIFT_ASSET_SYMBOL_EXTENSIONS = YES;
				CLANG_ANALYZER_NONNULL = YES;
				CLANG_ANALYZER_NUMBER_OBJECT_CONVERSION = YES_AGGRESSIVE;
				CLANG_CXX_LANGUAGE_STANDARD = "gnu++20";
				CLANG_ENABLE_MODULES = YES;
				CLANG_ENABLE_OBJC_ARC = YES;
				CLANG_ENABLE_OBJC_WEAK = YES;
				CLANG_WARN_BLOCK_CAPTURE_AUTORELEASING = YES;
				CLANG_WARN_BOOL_CONVERSION = YES;
				CLANG_WARN_COMMA = YES;
				CLANG_WARN_CONSTANT_CONVERSION = YES;
				CLANG_WARN_DEPRECATED_OBJC_IMPLEMENTATIONS = YES;
				CLANG_WARN_DIRECT_OBJC_ISA_USAGE = YES_ERROR;
				CLANG_WARN_DOCUMENTATION_COMMENTS = YES;
				CLANG_WARN_EMPTY_BODY = YES;
				CLANG_WARN_ENUM_CONVERSION = YES;
				CLANG_WARN_INFINITE_RECURSION = YES;
				CLANG_WARN_INT_CONVERSION = YES;
				CLANG_WARN_NON_LITERAL_NULL_CONVERSION = YES;
				CLANG_WARN_OBJC_IMPLICIT_RETAIN_SELF = YES;
				CLANG_WARN_OBJC_LITERAL_CONVERSION = YES;
				CLANG_WARN_OBJC_ROOT_CLASS = YES_ERROR;
				CLANG_WARN_QUOTED_INCLUDE_IN_FRAMEWORK_HEADER = YES;
				CLANG_WARN_RANGE_LOOP_ANALYSIS = YES;
				CLANG_WARN_STRICT_PROTOTYPES = YES;
				CLANG_WARN_SUSPICIOUS_MOVE = YES;
				CLANG_WARN_UNGUARDED_AVAILABILITY = YES_AGGRESSIVE;
				CLANG_WARN_UNREACHABLE_CODE = YES;
				CLANG_WARN__DUPLICATE_METHOD_MATCH = YES;
				COPY_PHASE_STRIP = NO;
				DEBUG_INFORMATION_FORMAT = dwarf;
				ENABLE_STRICT_OBJC_MSGSEND = YES;
				ENABLE_TESTABILITY = YES;
				ENABLE_USER_SCRIPT_SANDBOXING = YES;
				GCC_C_LANGUAGE_STANDARD = gnu17;
				GCC_DYNAMIC_NO_PIC = NO;
				GCC_NO_COMMON_BLOCKS = YES;
				GCC_OPTIMIZATION_LEVEL = 0;
				GCC_PREPROCESSOR_DEFINITIONS = (
					"DEBUG=1",
					"$(inherited)",
				);
				GCC_WARN_64_TO_32_BIT_CONVERSION = YES;
				GCC_WARN_ABOUT_RETURN_TYPE = YES_ERROR;
				GCC_WARN_UNDECLARED_SELECTOR = YES;
				GCC_WARN_UNINITIALIZED_AUTOS = YES_AGGRESSIVE;
				GCC_WARN_UNUSED_FUNCTION = YES;
				GCC_WARN_UNUSED_VARIABLE = YES;
				IPHONEOS_DEPLOYMENT_TARGET = 17.4;
				LOCALIZATION_PREFERS_STRING_CATALOGS = YES;
				MTL_ENABLE_DEBUG_INFO = INCLUDE_SOURCE;
				MTL_FAST_MATH = YES;
				ONLY_ACTIVE_ARCH = YES;
				SDKROOT = iphoneos;
				SWIFT_ACTIVE_COMPILATION_CONDITIONS = "DEBUG $(inherited)";
				SWIFT_OPTIMIZATION_LEVEL = "-Onone";
			};
			name = Debug;
		};
		2A16EF922BDAF16400F5DDEE /* Release */ = {
			isa = XCBuildConfiguration;
			buildSettings = {
				ALWAYS_SEARCH_USER_PATHS = NO;
				ASSETCATALOG_COMPILER_GENERATE_SWIFT_ASSET_SYMBOL_EXTENSIONS = YES;
				CLANG_ANALYZER_NONNULL = YES;
				CLANG_ANALYZER_NUMBER_OBJECT_CONVERSION = YES_AGGRESSIVE;
				CLANG_CXX_LANGUAGE_STANDARD = "gnu++20";
				CLANG_ENABLE_MODULES = YES;
				CLANG_ENABLE_OBJC_ARC = YES;
				CLANG_ENABLE_OBJC_WEAK = YES;
				CLANG_WARN_BLOCK_CAPTURE_AUTORELEASING = YES;
				CLANG_WARN_BOOL_CONVERSION = YES;
				CLANG_WARN_COMMA = YES;
				CLANG_WARN_CONSTANT_CONVERSION = YES;
				CLANG_WARN_DEPRECATED_OBJC_IMPLEMENTATIONS = YES;
				CLANG_WARN_DIRECT_OBJC_ISA_USAGE = YES_ERROR;
				CLANG_WARN_DOCUMENTATION_COMMENTS = YES;
				CLANG_WARN_EMPTY_BODY = YES;
				CLANG_WARN_ENUM_CONVERSION = YES;
				CLANG_WARN_INFINITE_RECURSION = YES;
				CLANG_WARN_INT_CONVERSION = YES;
				CLANG_WARN_NON_LITERAL_NULL_CONVERSION = YES;
				CLANG_WARN_OBJC_IMPLICIT_RETAIN_SELF = YES;
				CLANG_WARN_OBJC_LITERAL_CONVERSION = YES;
				CLANG_WARN_OBJC_ROOT_CLASS = YES_ERROR;
				CLANG_WARN_QUOTED_INCLUDE_IN_FRAMEWORK_HEADER = YES;
				CLANG_WARN_RANGE_LOOP_ANALYSIS = YES;
				CLANG_WARN_STRICT_PROTOTYPES = YES;
				CLANG_WARN_SUSPICIOUS_MOVE = YES;
				CLANG_WARN_UNGUARDED_AVAILABILITY = YES_AGGRESSIVE;
				CLANG_WARN_UNREACHABLE_CODE = YES;
				CLANG_WARN__DUPLICATE_METHOD_MATCH = YES;
				COPY_PHASE_STRIP = NO;
				DEBUG_INFORMATION_FORMAT = "dwarf-with-dsym";
				ENABLE_NS_ASSERTIONS = NO;
				ENABLE_STRICT_OBJC_MSGSEND = YES;
				ENABLE_USER_SCRIPT_SANDBOXING = YES;
				GCC_C_LANGUAGE_STANDARD = gnu17;
				GCC_NO_COMMON_BLOCKS = YES;
				GCC_WARN_64_TO_32_BIT_CONVERSION = YES;
				GCC_WARN_ABOUT_RETURN_TYPE = YES_ERROR;
				GCC_WARN_UNDECLARED_SELECTOR = YES;
				GCC_WARN_UNINITIALIZED_AUTOS = YES_AGGRESSIVE;
				GCC_WARN_UNUSED_FUNCTION = YES;
				GCC_WARN_UNUSED_VARIABLE = YES;
				IPHONEOS_DEPLOYMENT_TARGET = 17.4;
				LOCALIZATION_PREFERS_STRING_CATALOGS = YES;
				MTL_ENABLE_DEBUG_INFO = NO;
				MTL_FAST_MATH = YES;
				SDKROOT = iphoneos;
				SWIFT_COMPILATION_MODE = wholemodule;
				VALIDATE_PRODUCT = YES;
			};
			name = Release;
		};
		2A16EF942BDAF16400F5DDEE /* Debug */ = {
			isa = XCBuildConfiguration;
			buildSettings = {
				ASSETCATALOG_COMPILER_APPICON_NAME = AppIcon;
				ASSETCATALOG_COMPILER_GLOBAL_ACCENT_COLOR_NAME = AccentColor;
				CODE_SIGN_STYLE = Automatic;
				CURRENT_PROJECT_VERSION = 1;
				DEVELOPMENT_ASSET_PATHS = "\"Parks/Preview Content\"";
				DEVELOPMENT_TEAM = 476QK54UU2;
				ENABLE_PREVIEWS = YES;
				GENERATE_INFOPLIST_FILE = YES;
				INFOPLIST_KEY_UIApplicationSceneManifest_Generation = YES;
				INFOPLIST_KEY_UIApplicationSupportsIndirectInputEvents = YES;
				INFOPLIST_KEY_UILaunchScreen_Generation = YES;
				INFOPLIST_KEY_UISupportedInterfaceOrientations_iPad = "UIInterfaceOrientationPortrait UIInterfaceOrientationPortraitUpsideDown UIInterfaceOrientationLandscapeLeft UIInterfaceOrientationLandscapeRight";
				INFOPLIST_KEY_UISupportedInterfaceOrientations_iPhone = "UIInterfaceOrientationPortrait UIInterfaceOrientationLandscapeLeft UIInterfaceOrientationLandscapeRight";
				LD_RUNPATH_SEARCH_PATHS = (
					"$(inherited)",
					"@executable_path/Frameworks",
				);
				MARKETING_VERSION = 1.0;
				PRODUCT_BUNDLE_IDENTIFIER = "com.it-guy.Parks";
				PRODUCT_NAME = "$(TARGET_NAME)";
				SWIFT_EMIT_LOC_STRINGS = YES;
				SWIFT_VERSION = 5.0;
				TARGETED_DEVICE_FAMILY = "1,2";
			};
			name = Debug;
		};
		2A16EF952BDAF16400F5DDEE /* Release */ = {
			isa = XCBuildConfiguration;
			buildSettings = {
				ASSETCATALOG_COMPILER_APPICON_NAME = AppIcon;
				ASSETCATALOG_COMPILER_GLOBAL_ACCENT_COLOR_NAME = AccentColor;
				CODE_SIGN_STYLE = Automatic;
				CURRENT_PROJECT_VERSION = 1;
				DEVELOPMENT_ASSET_PATHS = "\"Parks/Preview Content\"";
				DEVELOPMENT_TEAM = 476QK54UU2;
				ENABLE_PREVIEWS = YES;
				GENERATE_INFOPLIST_FILE = YES;
				INFOPLIST_KEY_UIApplicationSceneManifest_Generation = YES;
				INFOPLIST_KEY_UIApplicationSupportsIndirectInputEvents = YES;
				INFOPLIST_KEY_UILaunchScreen_Generation = YES;
				INFOPLIST_KEY_UISupportedInterfaceOrientations_iPad = "UIInterfaceOrientationPortrait UIInterfaceOrientationPortraitUpsideDown UIInterfaceOrientationLandscapeLeft UIInterfaceOrientationLandscapeRight";
				INFOPLIST_KEY_UISupportedInterfaceOrientations_iPhone = "UIInterfaceOrientationPortrait UIInterfaceOrientationLandscapeLeft UIInterfaceOrientationLandscapeRight";
				LD_RUNPATH_SEARCH_PATHS = (
					"$(inherited)",
					"@executable_path/Frameworks",
				);
				MARKETING_VERSION = 1.0;
				PRODUCT_BUNDLE_IDENTIFIER = "com.it-guy.Parks";
				PRODUCT_NAME = "$(TARGET_NAME)";
				SWIFT_EMIT_LOC_STRINGS = YES;
				SWIFT_VERSION = 5.0;
				TARGETED_DEVICE_FAMILY = "1,2";
			};
			name = Release;
		};
/* End XCBuildConfiguration section */

/* Begin XCConfigurationList section */
		2A16EF802BDAF16200F5DDEE /* Build configuration list for PBXProject "Parks" */ = {
			isa = XCConfigurationList;
			buildConfigurations = (
				2A16EF912BDAF16400F5DDEE /* Debug */,
				2A16EF922BDAF16400F5DDEE /* Release */,
			);
			defaultConfigurationIsVisible = 0;
			defaultConfigurationName = Release;
		};
		2A16EF932BDAF16400F5DDEE /* Build configuration list for PBXNativeTarget "Parks" */ = {
			isa = XCConfigurationList;
			buildConfigurations = (
				2A16EF942BDAF16400F5DDEE /* Debug */,
				2A16EF952BDAF16400F5DDEE /* Release */,
			);
			defaultConfigurationIsVisible = 0;
			defaultConfigurationName = Release;
		};
/* End XCConfigurationList section */
	};
	rootObject = 2A16EF7D2BDAF16200F5DDEE /* Project object */;
}
